// !$*UTF8*$!
{
	archiveVersion = 1;
	classes = {
	};
	objectVersion = 51;
	objects = {

/* Begin PBXBuildFile section */
		19729C6878ABD23790BF44E2 /* Pods_footballQuiz.framework in Frameworks */ = {isa = PBXBuildFile; fileRef = CF22693D5FF5609A91B225A4 /* Pods_footballQuiz.framework */; };
		A23D9D022518898D006704F4 /* QuizBrain.swift in Sources */ = {isa = PBXBuildFile; fileRef = A23D9D012518898D006704F4 /* QuizBrain.swift */; };
		A23D9D04251889A2006704F4 /* Quiz.swift in Sources */ = {isa = PBXBuildFile; fileRef = A23D9D03251889A2006704F4 /* Quiz.swift */; };
		A25D8E0B2517804600456BB5 /* AppDelegate.swift in Sources */ = {isa = PBXBuildFile; fileRef = A25D8E0A2517804600456BB5 /* AppDelegate.swift */; };
		A25D8E0D2517804600456BB5 /* SceneDelegate.swift in Sources */ = {isa = PBXBuildFile; fileRef = A25D8E0C2517804600456BB5 /* SceneDelegate.swift */; };
		A25D8E0F2517804600456BB5 /* MainViewController.swift in Sources */ = {isa = PBXBuildFile; fileRef = A25D8E0E2517804600456BB5 /* MainViewController.swift */; };
		A25D8E122517804600456BB5 /* Main.storyboard in Resources */ = {isa = PBXBuildFile; fileRef = A25D8E102517804600456BB5 /* Main.storyboard */; };
		A25D8E142517804800456BB5 /* Assets.xcassets in Resources */ = {isa = PBXBuildFile; fileRef = A25D8E132517804800456BB5 /* Assets.xcassets */; };
		A25D8E172517804800456BB5 /* LaunchScreen.storyboard in Resources */ = {isa = PBXBuildFile; fileRef = A25D8E152517804800456BB5 /* LaunchScreen.storyboard */; };
/* End PBXBuildFile section */

/* Begin PBXFileReference section */
		320D736B8342DA923F8C53FB /* Pods-footballQuiz.debug.xcconfig */ = {isa = PBXFileReference; includeInIndex = 1; lastKnownFileType = text.xcconfig; name = "Pods-footballQuiz.debug.xcconfig"; path = "Target Support Files/Pods-footballQuiz/Pods-footballQuiz.debug.xcconfig"; sourceTree = "<group>"; };
		A23D9D012518898D006704F4 /* QuizBrain.swift */ = {isa = PBXFileReference; lastKnownFileType = sourcecode.swift; path = QuizBrain.swift; sourceTree = "<group>"; };
		A23D9D03251889A2006704F4 /* Quiz.swift */ = {isa = PBXFileReference; lastKnownFileType = sourcecode.swift; path = Quiz.swift; sourceTree = "<group>"; };
		A25D8E072517804600456BB5 /* footballQuiz.app */ = {isa = PBXFileReference; explicitFileType = wrapper.application; includeInIndex = 0; path = footballQuiz.app; sourceTree = BUILT_PRODUCTS_DIR; };
		A25D8E0A2517804600456BB5 /* AppDelegate.swift */ = {isa = PBXFileReference; lastKnownFileType = sourcecode.swift; path = AppDelegate.swift; sourceTree = "<group>"; };
		A25D8E0C2517804600456BB5 /* SceneDelegate.swift */ = {isa = PBXFileReference; lastKnownFileType = sourcecode.swift; path = SceneDelegate.swift; sourceTree = "<group>"; };
		A25D8E0E2517804600456BB5 /* MainViewController.swift */ = {isa = PBXFileReference; lastKnownFileType = sourcecode.swift; path = MainViewController.swift; sourceTree = "<group>"; };
		A25D8E112517804600456BB5 /* Base */ = {isa = PBXFileReference; lastKnownFileType = file.storyboard; name = Base; path = Base.lproj/Main.storyboard; sourceTree = "<group>"; };
		A25D8E132517804800456BB5 /* Assets.xcassets */ = {isa = PBXFileReference; lastKnownFileType = folder.assetcatalog; path = Assets.xcassets; sourceTree = "<group>"; };
		A25D8E162517804800456BB5 /* Base */ = {isa = PBXFileReference; lastKnownFileType = file.storyboard; name = Base; path = Base.lproj/LaunchScreen.storyboard; sourceTree = "<group>"; };
		A25D8E182517804800456BB5 /* Info.plist */ = {isa = PBXFileReference; lastKnownFileType = text.plist.xml; path = Info.plist; sourceTree = "<group>"; };
		CF22693D5FF5609A91B225A4 /* Pods_footballQuiz.framework */ = {isa = PBXFileReference; explicitFileType = wrapper.framework; includeInIndex = 0; path = Pods_footballQuiz.framework; sourceTree = BUILT_PRODUCTS_DIR; };
		EA7B904064E004ECD1B0540D /* Pods-footballQuiz.release.xcconfig */ = {isa = PBXFileReference; includeInIndex = 1; lastKnownFileType = text.xcconfig; name = "Pods-footballQuiz.release.xcconfig"; path = "Target Support Files/Pods-footballQuiz/Pods-footballQuiz.release.xcconfig"; sourceTree = "<group>"; };
/* End PBXFileReference section */

/* Begin PBXFrameworksBuildPhase section */
		A25D8E042517804600456BB5 /* Frameworks */ = {
			isa = PBXFrameworksBuildPhase;
			buildActionMask = 2147483647;
			files = (
				19729C6878ABD23790BF44E2 /* Pods_footballQuiz.framework in Frameworks */,
			);
			runOnlyForDeploymentPostprocessing = 0;
		};
/* End PBXFrameworksBuildPhase section */

/* Begin PBXGroup section */
		04C84A399DC7D23AE8FC856C /* Frameworks */ = {
			isa = PBXGroup;
			children = (
				CF22693D5FF5609A91B225A4 /* Pods_footballQuiz.framework */,
			);
			name = Frameworks;
			sourceTree = "<group>";
		};
		98F79973BA36CA39865319FA /* Pods */ = {
			isa = PBXGroup;
			children = (
				320D736B8342DA923F8C53FB /* Pods-footballQuiz.debug.xcconfig */,
				EA7B904064E004ECD1B0540D /* Pods-footballQuiz.release.xcconfig */,
			);
			path = Pods;
			sourceTree = "<group>";
		};
		A23D9CFD25187DEC006704F4 /* View */ = {
			isa = PBXGroup;
			children = (
				A25D8E102517804600456BB5 /* Main.storyboard */,
			);
			path = View;
			sourceTree = "<group>";
		};
		A23D9CFE25187DF4006704F4 /* Controller */ = {
			isa = PBXGroup;
			children = (
				A25D8E0E2517804600456BB5 /* MainViewController.swift */,
			);
			path = Controller;
			sourceTree = "<group>";
		};
		A23D9D0025187E38006704F4 /* Model */ = {
			isa = PBXGroup;
			children = (
				A23D9D03251889A2006704F4 /* Quiz.swift */,
				A23D9D012518898D006704F4 /* QuizBrain.swift */,
			);
			path = Model;
			sourceTree = "<group>";
		};
		A25D8DFE2517804600456BB5 = {
			isa = PBXGroup;
			children = (
				A25D8E092517804600456BB5 /* footballQuiz */,
				A25D8E082517804600456BB5 /* Products */,
				98F79973BA36CA39865319FA /* Pods */,
				04C84A399DC7D23AE8FC856C /* Frameworks */,
			);
			sourceTree = "<group>";
		};
		A25D8E082517804600456BB5 /* Products */ = {
			isa = PBXGroup;
			children = (
				A25D8E072517804600456BB5 /* footballQuiz.app */,
			);
			name = Products;
			sourceTree = "<group>";
		};
		A25D8E092517804600456BB5 /* footballQuiz */ = {
			isa = PBXGroup;
			children = (
				A23D9D0025187E38006704F4 /* Model */,
				A23D9CFD25187DEC006704F4 /* View */,
				A23D9CFE25187DF4006704F4 /* Controller */,
				A25D8E0C2517804600456BB5 /* SceneDelegate.swift */,
				A25D8E0A2517804600456BB5 /* AppDelegate.swift */,
				A25D8E132517804800456BB5 /* Assets.xcassets */,
				A25D8E152517804800456BB5 /* LaunchScreen.storyboard */,
				A25D8E182517804800456BB5 /* Info.plist */,
			);
			path = footballQuiz;
			sourceTree = "<group>";
		};
/* End PBXGroup section */

/* Begin PBXNativeTarget section */
		A25D8E062517804600456BB5 /* footballQuiz */ = {
			isa = PBXNativeTarget;
			buildConfigurationList = A25D8E1B2517804800456BB5 /* Build configuration list for PBXNativeTarget "footballQuiz" */;
			buildPhases = (
				04BB00B63FD5C92905A6ABA6 /* [CP] Check Pods Manifest.lock */,
				A25D8E032517804600456BB5 /* Sources */,
				A25D8E042517804600456BB5 /* Frameworks */,
				A25D8E052517804600456BB5 /* Resources */,
				82F27EBB01351209287AB2D7 /* [CP] Embed Pods Frameworks */,
			);
			buildRules = (
			);
			dependencies = (
			);
			name = footballQuiz;
			productName = footballQuiz;
			productReference = A25D8E072517804600456BB5 /* footballQuiz.app */;
			productType = "com.apple.product-type.application";
		};
/* End PBXNativeTarget section */

/* Begin PBXProject section */
		A25D8DFF2517804600456BB5 /* Project object */ = {
			isa = PBXProject;
			attributes = {
				LastSwiftUpdateCheck = 1140;
				LastUpgradeCheck = 1140;
				ORGANIZATIONNAME = Syimyk;
				TargetAttributes = {
					A25D8E062517804600456BB5 = {
						CreatedOnToolsVersion = 11.4.1;
					};
				};
			};
			buildConfigurationList = A25D8E022517804600456BB5 /* Build configuration list for PBXProject "footballQuiz" */;
			compatibilityVersion = "Xcode 9.3";
			developmentRegion = en;
			hasScannedForEncodings = 0;
			knownRegions = (
				en,
				Base,
			);
			mainGroup = A25D8DFE2517804600456BB5;
			productRefGroup = A25D8E082517804600456BB5 /* Products */;
			projectDirPath = "";
			projectRoot = "";
			targets = (
				A25D8E062517804600456BB5 /* footballQuiz */,
			);
		};
/* End PBXProject section */

/* Begin PBXResourcesBuildPhase section */
		A25D8E052517804600456BB5 /* Resources */ = {
			isa = PBXResourcesBuildPhase;
			buildActionMask = 2147483647;
			files = (
				A25D8E172517804800456BB5 /* LaunchScreen.storyboard in Resources */,
				A25D8E142517804800456BB5 /* Assets.xcassets in Resources */,
				A25D8E122517804600456BB5 /* Main.storyboard in Resources */,
			);
			runOnlyForDeploymentPostprocessing = 0;
		};
/* End PBXResourcesBuildPhase section */

/* Begin PBXShellScriptBuildPhase section */
		04BB00B63FD5C92905A6ABA6 /* [CP] Check Pods Manifest.lock */ = {
			isa = PBXShellScriptBuildPhase;
			buildActionMask = 2147483647;
			files = (
			);
			inputFileListPaths = (
			);
			inputPaths = (
				"${PODS_PODFILE_DIR_PATH}/Podfile.lock",
				"${PODS_ROOT}/Manifest.lock",
			);
			name = "[CP] Check Pods Manifest.lock";
			outputFileListPaths = (
			);
			outputPaths = (
				"$(DERIVED_FILE_DIR)/Pods-footballQuiz-checkManifestLockResult.txt",
			);
			runOnlyForDeploymentPostprocessing = 0;
			shellPath = /bin/sh;
			shellScript = "diff \"${PODS_PODFILE_DIR_PATH}/Podfile.lock\" \"${PODS_ROOT}/Manifest.lock\" > /dev/null\nif [ $? != 0 ] ; then\n    # print error to STDERR\n    echo \"error: The sandbox is not in sync with the Podfile.lock. Run 'pod install' or update your CocoaPods installation.\" >&2\n    exit 1\nfi\n# This output is used by Xcode 'outputs' to avoid re-running this script phase.\necho \"SUCCESS\" > \"${SCRIPT_OUTPUT_FILE_0}\"\n";
			showEnvVarsInLog = 0;
		};
		82F27EBB01351209287AB2D7 /* [CP] Embed Pods Frameworks */ = {
			isa = PBXShellScriptBuildPhase;
			buildActionMask = 2147483647;
			files = (
			);
			inputFileListPaths = (
				"${PODS_ROOT}/Target Support Files/Pods-footballQuiz/Pods-footballQuiz-frameworks-${CONFIGURATION}-input-files.xcfilelist",
			);
			name = "[CP] Embed Pods Frameworks";
			outputFileListPaths = (
				"${PODS_ROOT}/Target Support Files/Pods-footballQuiz/Pods-footballQuiz-frameworks-${CONFIGURATION}-output-files.xcfilelist",
			);
			runOnlyForDeploymentPostprocessing = 0;
			shellPath = /bin/sh;
			shellScript = "\"${PODS_ROOT}/Target Support Files/Pods-footballQuiz/Pods-footballQuiz-frameworks.sh\"\n";
			showEnvVarsInLog = 0;
		};
/* End PBXShellScriptBuildPhase section */

/* Begin PBXSourcesBuildPhase section */
		A25D8E032517804600456BB5 /* Sources */ = {
			isa = PBXSourcesBuildPhase;
			buildActionMask = 2147483647;
			files = (
				A25D8E0F2517804600456BB5 /* MainViewController.swift in Sources */,
				A23D9D04251889A2006704F4 /* Quiz.swift in Sources */,
				A25D8E0B2517804600456BB5 /* AppDelegate.swift in Sources */,
				A25D8E0D2517804600456BB5 /* SceneDelegate.swift in Sources */,
				A23D9D022518898D006704F4 /* QuizBrain.swift in Sources */,
			);
			runOnlyForDeploymentPostprocessing = 0;
		};
/* End PBXSourcesBuildPhase section */

/* Begin PBXVariantGroup section */
		A25D8E102517804600456BB5 /* Main.storyboard */ = {
			isa = PBXVariantGroup;
			children = (
				A25D8E112517804600456BB5 /* Base */,
			);
			name = Main.storyboard;
			sourceTree = "<group>";
		};
		A25D8E152517804800456BB5 /* LaunchScreen.storyboard */ = {
			isa = PBXVariantGroup;
			children = (
				A25D8E162517804800456BB5 /* Base */,
			);
			name = LaunchScreen.storyboard;
			sourceTree = "<group>";
		};
/* End PBXVariantGroup section */

/* Begin XCBuildConfiguration section */
		A25D8E192517804800456BB5 /* Debug */ = {
			isa = XCBuildConfiguration;
			buildSettings = {
				ALWAYS_SEARCH_USER_PATHS = NO;
				CLANG_ANALYZER_NONNULL = YES;
				CLANG_ANALYZER_NUMBER_OBJECT_CONVERSION = YES_AGGRESSIVE;
				CLANG_CXX_LANGUAGE_STANDARD = "gnu++14";
				CLANG_CXX_LIBRARY = "libc++";
				CLANG_ENABLE_MODULES = YES;
				CLANG_ENABLE_OBJC_ARC = YES;
				CLANG_ENABLE_OBJC_WEAK = YES;
				CLANG_WARN_BLOCK_CAPTURE_AUTORELEASING = YES;
				CLANG_WARN_BOOL_CONVERSION = YES;
				CLANG_WARN_COMMA = YES;
				CLANG_WARN_CONSTANT_CONVERSION = YES;
				CLANG_WARN_DEPRECATED_OBJC_IMPLEMENTATIONS = YES;
				CLANG_WARN_DIRECT_OBJC_ISA_USAGE = YES_ERROR;
				CLANG_WARN_DOCUMENTATION_COMMENTS = YES;
				CLANG_WARN_EMPTY_BODY = YES;
				CLANG_WARN_ENUM_CONVERSION = YES;
				CLANG_WARN_INFINITE_RECURSION = YES;
				CLANG_WARN_INT_CONVERSION = YES;
				CLANG_WARN_NON_LITERAL_NULL_CONVERSION = YES;
				CLANG_WARN_OBJC_IMPLICIT_RETAIN_SELF = YES;
				CLANG_WARN_OBJC_LITERAL_CONVERSION = YES;
				CLANG_WARN_OBJC_ROOT_CLASS = YES_ERROR;
				CLANG_WARN_RANGE_LOOP_ANALYSIS = YES;
				CLANG_WARN_STRICT_PROTOTYPES = YES;
				CLANG_WARN_SUSPICIOUS_MOVE = YES;
				CLANG_WARN_UNGUARDED_AVAILABILITY = YES_AGGRESSIVE;
				CLANG_WARN_UNREACHABLE_CODE = YES;
				CLANG_WARN__DUPLICATE_METHOD_MATCH = YES;
				COPY_PHASE_STRIP = NO;
				DEBUG_INFORMATION_FORMAT = dwarf;
				ENABLE_STRICT_OBJC_MSGSEND = YES;
				ENABLE_TESTABILITY = YES;
				GCC_C_LANGUAGE_STANDARD = gnu11;
				GCC_DYNAMIC_NO_PIC = NO;
				GCC_NO_COMMON_BLOCKS = YES;
				GCC_OPTIMIZATION_LEVEL = 0;
				GCC_PREPROCESSOR_DEFINITIONS = (
					"DEBUG=1",
					"$(inherited)",
				);
				GCC_WARN_64_TO_32_BIT_CONVERSION = YES;
				GCC_WARN_ABOUT_RETURN_TYPE = YES_ERROR;
				GCC_WARN_UNDECLARED_SELECTOR = YES;
				GCC_WARN_UNINITIALIZED_AUTOS = YES_AGGRESSIVE;
				GCC_WARN_UNUSED_FUNCTION = YES;
				GCC_WARN_UNUSED_VARIABLE = YES;
				IPHONEOS_DEPLOYMENT_TARGET = 13.4;
				MTL_ENABLE_DEBUG_INFO = INCLUDE_SOURCE;
				MTL_FAST_MATH = YES;
				ONLY_ACTIVE_ARCH = YES;
				SDKROOT = iphoneos;
				SWIFT_ACTIVE_COMPILATION_CONDITIONS = DEBUG;
				SWIFT_OPTIMIZATION_LEVEL = "-Onone";
			};
			name = Debug;
		};
		A25D8E1A2517804800456BB5 /* Release */ = {
			isa = XCBuildConfiguration;
			buildSettings = {
				ALWAYS_SEARCH_USER_PATHS = NO;
				CLANG_ANALYZER_NONNULL = YES;
				CLANG_ANALYZER_NUMBER_OBJECT_CONVERSION = YES_AGGRESSIVE;
				CLANG_CXX_LANGUAGE_STANDARD = "gnu++14";
				CLANG_CXX_LIBRARY = "libc++";
				CLANG_ENABLE_MODULES = YES;
				CLANG_ENABLE_OBJC_ARC = YES;
				CLANG_ENABLE_OBJC_WEAK = YES;
				CLANG_WARN_BLOCK_CAPTURE_AUTORELEASING = YES;
				CLANG_WARN_BOOL_CONVERSION = YES;
				CLANG_WARN_COMMA = YES;
				CLANG_WARN_CONSTANT_CONVERSION = YES;
				CLANG_WARN_DEPRECATED_OBJC_IMPLEMENTATIONS = YES;
				CLANG_WARN_DIRECT_OBJC_ISA_USAGE = YES_ERROR;
				CLANG_WARN_DOCUMENTATION_COMMENTS = YES;
				CLANG_WARN_EMPTY_BODY = YES;
				CLANG_WARN_ENUM_CONVERSION = YES;
				CLANG_WARN_INFINITE_RECURSION = YES;
				CLANG_WARN_INT_CONVERSION = YES;
				CLANG_WARN_NON_LITERAL_NULL_CONVERSION = YES;
				CLANG_WARN_OBJC_IMPLICIT_RETAIN_SELF = YES;
				CLANG_WARN_OBJC_LITERAL_CONVERSION = YES;
				CLANG_WARN_OBJC_ROOT_CLASS = YES_ERROR;
				CLANG_WARN_RANGE_LOOP_ANALYSIS = YES;
				CLANG_WARN_STRICT_PROTOTYPES = YES;
				CLANG_WARN_SUSPICIOUS_MOVE = YES;
				CLANG_WARN_UNGUARDED_AVAILABILITY = YES_AGGRESSIVE;
				CLANG_WARN_UNREACHABLE_CODE = YES;
				CLANG_WARN__DUPLICATE_METHOD_MATCH = YES;
				COPY_PHASE_STRIP = NO;
				DEBUG_INFORMATION_FORMAT = "dwarf-with-dsym";
				ENABLE_NS_ASSERTIONS = NO;
				ENABLE_STRICT_OBJC_MSGSEND = YES;
				GCC_C_LANGUAGE_STANDARD = gnu11;
				GCC_NO_COMMON_BLOCKS = YES;
				GCC_WARN_64_TO_32_BIT_CONVERSION = YES;
				GCC_WARN_ABOUT_RETURN_TYPE = YES_ERROR;
				GCC_WARN_UNDECLARED_SELECTOR = YES;
				GCC_WARN_UNINITIALIZED_AUTOS = YES_AGGRESSIVE;
				GCC_WARN_UNUSED_FUNCTION = YES;
				GCC_WARN_UNUSED_VARIABLE = YES;
				IPHONEOS_DEPLOYMENT_TARGET = 13.4;
				MTL_ENABLE_DEBUG_INFO = NO;
				MTL_FAST_MATH = YES;
				SDKROOT = iphoneos;
				SWIFT_COMPILATION_MODE = wholemodule;
				SWIFT_OPTIMIZATION_LEVEL = "-O";
				VALIDATE_PRODUCT = YES;
			};
			name = Release;
		};
		A25D8E1C2517804800456BB5 /* Debug */ = {
			isa = XCBuildConfiguration;
			baseConfigurationReference = 320D736B8342DA923F8C53FB /* Pods-footballQuiz.debug.xcconfig */;
			buildSettings = {
				ASSETCATALOG_COMPILER_APPICON_NAME = AppIcon;
				CODE_SIGN_STYLE = Automatic;
				INFOPLIST_FILE = footballQuiz/Info.plist;
				LD_RUNPATH_SEARCH_PATHS = (
					"$(inherited)",
					"@executable_path/Frameworks",
				);
				PRODUCT_BUNDLE_IDENTIFIER = co.syimyk.footballQuiz;
				PRODUCT_NAME = "$(TARGET_NAME)";
				SWIFT_VERSION = 5.0;
				TARGETED_DEVICE_FAMILY = "1,2";
			};
			name = Debug;
		};
		A25D8E1D2517804800456BB5 /* Release */ = {
			isa = XCBuildConfiguration;
			baseConfigurationReference = EA7B904064E004ECD1B0540D /* Pods-footballQuiz.release.xcconfig */;
			buildSettings = {
				ASSETCATALOG_COMPILER_APPICON_NAME = AppIcon;
				CODE_SIGN_STYLE = Automatic;
				INFOPLIST_FILE = footballQuiz/Info.plist;
				LD_RUNPATH_SEARCH_PATHS = (
					"$(inherited)",
					"@executable_path/Frameworks",
				);
				PRODUCT_BUNDLE_IDENTIFIER = co.syimyk.footballQuiz;
				PRODUCT_NAME = "$(TARGET_NAME)";
				SWIFT_VERSION = 5.0;
				TARGETED_DEVICE_FAMILY = "1,2";
			};
			name = Release;
		};
/* End XCBuildConfiguration section */

/* Begin XCConfigurationList section */
		A25D8E022517804600456BB5 /* Build configuration list for PBXProject "footballQuiz" */ = {
			isa = XCConfigurationList;
			buildConfigurations = (
				A25D8E192517804800456BB5 /* Debug */,
				A25D8E1A2517804800456BB5 /* Release */,
			);
			defaultConfigurationIsVisible = 0;
			defaultConfigurationName = Release;
		};
		A25D8E1B2517804800456BB5 /* Build configuration list for PBXNativeTarget "footballQuiz" */ = {
			isa = XCConfigurationList;
			buildConfigurations = (
				A25D8E1C2517804800456BB5 /* Debug */,
				A25D8E1D2517804800456BB5 /* Release */,
			);
			defaultConfigurationIsVisible = 0;
			defaultConfigurationName = Release;
		};
/* End XCConfigurationList section */
	};
	rootObject = A25D8DFF2517804600456BB5 /* Project object */;
}
